
Microsoft Visual Studio Solution File, Format Version 12.00
# Visual Studio 14
VisualStudioVersion = 14.0.24720.0
MinimumVisualStudioVersion = 10.0.40219.1
Project("{FAE04EC0-301F-11D3-BF4B-00C04F79EFBC}") = "ColouredTextForDota2", "ColouredTextForDota2\ColouredTextForDota2.csproj", "{E336DD7B-7BFF-4B01-8631-9A44011F316A}"
EndProject
Global
	GlobalSection(SolutionConfigurationPlatforms) = preSolution
		Debug|Any CPU = Debug|Any CPU
		Release|Any CPU = Release|Any CPU
	EndGlobalSection
	GlobalSection(ProjectConfigurationPlatforms) = postSolution
		{E336DD7B-7BFF-4B01-8631-9A44011F316A}.Debug|Any CPU.ActiveCfg = Debug|Any CPU
		{E336DD7B-7BFF-4B01-8631-9A44011F316A}.Debug|Any CPU.Build.0 = Debug|Any CPU
		{E336DD7B-7BFF-4B01-8631-9A44011F316A}.Release|Any CPU.ActiveCfg = Release|Any CPU
		{E336DD7B-7BFF-4B01-8631-9A44011F316A}.Release|Any CPU.Build.0 = Release|Any CPU
	EndGlobalSection
	GlobalSection(SolutionProperties) = preSolution
		HideSolutionNode = FALSE
	EndGlobalSection
EndGlobal
